
Microsoft Visual Studio Solution File, Format Version 12.00
# Visual Studio 15
VisualStudioVersion = 15.0.28307.645
MinimumVisualStudioVersion = 10.0.40219.1
Project("{FAE04EC0-301F-11D3-BF4B-00C04F79EFBC}") = "LessonFileStream", "LessonFileStream\LessonFileStream.csproj", "{73A8808D-9570-41D8-BF7B-7D492ED2E921}"
EndProject
Global
	GlobalSection(SolutionConfigurationPlatforms) = preSolution
		Debug|Any CPU = Debug|Any CPU
		Release|Any CPU = Release|Any CPU
	EndGlobalSection
	GlobalSection(ProjectConfigurationPlatforms) = postSolution
		{73A8808D-9570-41D8-BF7B-7D492ED2E921}.Debug|Any CPU.ActiveCfg = Debug|Any CPU
		{73A8808D-9570-41D8-BF7B-7D492ED2E921}.Debug|Any CPU.Build.0 = Debug|Any CPU
		{73A8808D-9570-41D8-BF7B-7D492ED2E921}.Release|Any CPU.ActiveCfg = Release|Any CPU
		{73A8808D-9570-41D8-BF7B-7D492ED2E921}.Release|Any CPU.Build.0 = Release|Any CPU
	EndGlobalSection
	GlobalSection(SolutionProperties) = preSolution
		HideSolutionNode = FALSE
	EndGlobalSection
	GlobalSection(ExtensibilityGlobals) = postSolution
		SolutionGuid = {6FEC2139-492B-4ABA-B68A-15C7AFCD4BEA}
	EndGlobalSection
EndGlobal
